
Microsoft Visual Studio Solution File, Format Version 12.00
# Visual Studio 2012
Project("{FAE04EC0-301F-11D3-BF4B-00C04F79EFBC}") = "onlinebanking", "onlinebanking\onlinebanking.csproj", "{CFBDA6E6-ABD4-42B6-A985-5014E3A23FFD}"
EndProject
Global
	GlobalSection(SolutionConfigurationPlatforms) = preSolution
		Debug|Any CPU = Debug|Any CPU
		Release|Any CPU = Release|Any CPU
	EndGlobalSection
	GlobalSection(ProjectConfigurationPlatforms) = postSolution
		{CFBDA6E6-ABD4-42B6-A985-5014E3A23FFD}.Debug|Any CPU.ActiveCfg = Debug|Any CPU
		{CFBDA6E6-ABD4-42B6-A985-5014E3A23FFD}.Debug|Any CPU.Build.0 = Debug|Any CPU
		{CFBDA6E6-ABD4-42B6-A985-5014E3A23FFD}.Release|Any CPU.ActiveCfg = Release|Any CPU
		{CFBDA6E6-ABD4-42B6-A985-5014E3A23FFD}.Release|Any CPU.Build.0 = Release|Any CPU
	EndGlobalSection
	GlobalSection(SolutionProperties) = preSolution
		HideSolutionNode = FALSE
	EndGlobalSection
EndGlobal
